
Microsoft Visual Studio Solution File, Format Version 12.00
# Visual Studio Version 17
VisualStudioVersion = 17.0.32014.148
MinimumVisualStudioVersion = 10.0.40219.1
Project("{9A19103F-16F7-4668-BE54-9A1E7A4F7556}") = "MVCWebApplication", "MVCWebApplication.csproj", "{F9788B33-F349-45EE-8506-71F97D99A50B}"
EndProject
Global
	GlobalSection(SolutionConfigurationPlatforms) = preSolution
		Debug|Any CPU = Debug|Any CPU
		Release|Any CPU = Release|Any CPU
	EndGlobalSection
	GlobalSection(ProjectConfigurationPlatforms) = postSolution
		{F9788B33-F349-45EE-8506-71F97D99A50B}.Debug|Any CPU.ActiveCfg = Debug|Any CPU
		{F9788B33-F349-45EE-8506-71F97D99A50B}.Debug|Any CPU.Build.0 = Debug|Any CPU
		{F9788B33-F349-45EE-8506-71F97D99A50B}.Release|Any CPU.ActiveCfg = Release|Any CPU
		{F9788B33-F349-45EE-8506-71F97D99A50B}.Release|Any CPU.Build.0 = Release|Any CPU
	EndGlobalSection
	GlobalSection(SolutionProperties) = preSolution
		HideSolutionNode = FALSE
	EndGlobalSection
	GlobalSection(ExtensibilityGlobals) = postSolution
		SolutionGuid = {8C44B261-F6DE-48ED-B101-A974815F90EB}
	EndGlobalSection
EndGlobal
